
Microsoft Visual Studio Solution File, Format Version 12.00
# Visual Studio Version 16
VisualStudioVersion = 16.0.30907.101
MinimumVisualStudioVersion = 10.0.40219.1
Project("{FAE04EC0-301F-11D3-BF4B-00C04F79EFBC}") = "AnnotationProj", "AnnotationProj\AnnotationProj.csproj", "{82A59AB6-FFA3-4136-BF04-F0BE926B64D5}"
EndProject
Global
	GlobalSection(SolutionConfigurationPlatforms) = preSolution
		Debug|Any CPU = Debug|Any CPU
		Release|Any CPU = Release|Any CPU
	EndGlobalSection
	GlobalSection(ProjectConfigurationPlatforms) = postSolution
		{82A59AB6-FFA3-4136-BF04-F0BE926B64D5}.Debug|Any CPU.ActiveCfg = Debug|Any CPU
		{82A59AB6-FFA3-4136-BF04-F0BE926B64D5}.Debug|Any CPU.Build.0 = Debug|Any CPU
		{82A59AB6-FFA3-4136-BF04-F0BE926B64D5}.Release|Any CPU.ActiveCfg = Release|Any CPU
		{82A59AB6-FFA3-4136-BF04-F0BE926B64D5}.Release|Any CPU.Build.0 = Release|Any CPU
	EndGlobalSection
	GlobalSection(SolutionProperties) = preSolution
		HideSolutionNode = FALSE
	EndGlobalSection
	GlobalSection(ExtensibilityGlobals) = postSolution
		SolutionGuid = {EB2A2E22-D5F0-4FD7-813A-F82EDA1BD9AB}
	EndGlobalSection
EndGlobal
